Microsoft Visual Studio Solution File, Format Version 12.00
# Visual Studio Version 17
VisualStudioVersion = 17.5.2.0
MinimumVisualStudioVersion = 10.0.40219.1
Project("{FAE04EC0-301F-11D3-BF4B-00C04F79EFBC}") = "ApiGateway", "ApiGateway\ApiGateway.csproj", "{ABE66B30-BD47-A7B2-B17B-5BA67959B026}"
EndProject
Project("{FAE04EC0-301F-11D3-BF4B-00C04F79EFBC}") = "OrdersService", "OrdersService\OrdersService.csproj", "{3B659766-7E0F-0DDB-4856-8F81A1D41537}"
EndProject
Project("{FAE04EC0-301F-11D3-BF4B-00C04F79EFBC}") = "PaymentsService", "PaymentsService\PaymentsService.csproj", "{0BE3F67A-4BFB-EAB8-7836-732412743CB5}"
EndProject
Project("{FAE04EC0-301F-11D3-BF4B-00C04F79EFBC}") = "Common", "Common\Common.csproj", "{F8BB050F-538D-429E-B19D-8D7571BD70E5}"
EndProject
Global
	GlobalSection(SolutionConfigurationPlatforms) = preSolution
		Debug|Any CPU = Debug|Any CPU
		Release|Any CPU = Release|Any CPU
	EndGlobalSection
	GlobalSection(ProjectConfigurationPlatforms) = postSolution
		{ABE66B30-BD47-A7B2-B17B-5BA67959B026}.Debug|Any CPU.ActiveCfg = Debug|Any CPU
		{ABE66B30-BD47-A7B2-B17B-5BA67959B026}.Debug|Any CPU.Build.0 = Debug|Any CPU
		{ABE66B30-BD47-A7B2-B17B-5BA67959B026}.Release|Any CPU.ActiveCfg = Release|Any CPU
		{ABE66B30-BD47-A7B2-B17B-5BA67959B026}.Release|Any CPU.Build.0 = Release|Any CPU
		{3B659766-7E0F-0DDB-4856-8F81A1D41537}.Debug|Any CPU.ActiveCfg = Debug|Any CPU
		{3B659766-7E0F-0DDB-4856-8F81A1D41537}.Debug|Any CPU.Build.0 = Debug|Any CPU
		{3B659766-7E0F-0DDB-4856-8F81A1D41537}.Release|Any CPU.ActiveCfg = Release|Any CPU
		{3B659766-7E0F-0DDB-4856-8F81A1D41537}.Release|Any CPU.Build.0 = Release|Any CPU
		{0BE3F67A-4BFB-EAB8-7836-732412743CB5}.Debug|Any CPU.ActiveCfg = Debug|Any CPU
		{0BE3F67A-4BFB-EAB8-7836-732412743CB5}.Debug|Any CPU.Build.0 = Debug|Any CPU
		{0BE3F67A-4BFB-EAB8-7836-732412743CB5}.Release|Any CPU.ActiveCfg = Release|Any CPU
		{0BE3F67A-4BFB-EAB8-7836-732412743CB5}.Release|Any CPU.Build.0 = Release|Any CPU
		{F8BB050F-538D-429E-B19D-8D7571BD70E5}.Debug|Any CPU.ActiveCfg = Debug|Any CPU
		{F8BB050F-538D-429E-B19D-8D7571BD70E5}.Debug|Any CPU.Build.0 = Debug|Any CPU
		{F8BB050F-538D-429E-B19D-8D7571BD70E5}.Release|Any CPU.ActiveCfg = Release|Any CPU
		{F8BB050F-538D-429E-B19D-8D7571BD70E5}.Release|Any CPU.Build.0 = Release|Any CPU
	EndGlobalSection
	GlobalSection(SolutionProperties) = preSolution
		HideSolutionNode = FALSE
	EndGlobalSection
	GlobalSection(ExtensibilityGlobals) = postSolution
		SolutionGuid = {2B0EC69E-B672-4DD2-A829-5AACBEC7C989}
	EndGlobalSection
EndGlobal
